
Microsoft Visual Studio Solution File, Format Version 12.00
# Visual Studio 2012
Project("{FAE04EC0-301F-11D3-BF4B-00C04F79EFBC}") = "HYDRA", "Hydra\HYDRA.csproj", "{19B7C3C9-050C-43FC-BADF-FD42C70D8DBD}"
EndProject
Project("{FAE04EC0-301F-11D3-BF4B-00C04F79EFBC}") = "HydraLib", "HydraLib\HydraLib.csproj", "{6E9168B9-1FDC-41A2-A81C-67B4A78CEB61}"
EndProject
Global
	GlobalSection(SolutionConfigurationPlatforms) = preSolution
		Debug|Any CPU = Debug|Any CPU
		Debug|Mixed Platforms = Debug|Mixed Platforms
		Debug|x86 = Debug|x86
		Release|Any CPU = Release|Any CPU
		Release|Mixed Platforms = Release|Mixed Platforms
		Release|x86 = Release|x86
	EndGlobalSection
	GlobalSection(ProjectConfigurationPlatforms) = postSolution
		{19B7C3C9-050C-43FC-BADF-FD42C70D8DBD}.Debug|Any CPU.ActiveCfg = Debug|x86
		{19B7C3C9-050C-43FC-BADF-FD42C70D8DBD}.Debug|Mixed Platforms.ActiveCfg = Debug|x86
		{19B7C3C9-050C-43FC-BADF-FD42C70D8DBD}.Debug|Mixed Platforms.Build.0 = Debug|x86
		{19B7C3C9-050C-43FC-BADF-FD42C70D8DBD}.Debug|x86.ActiveCfg = Debug|x86
		{19B7C3C9-050C-43FC-BADF-FD42C70D8DBD}.Debug|x86.Build.0 = Debug|x86
		{19B7C3C9-050C-43FC-BADF-FD42C70D8DBD}.Release|Any CPU.ActiveCfg = Release|x86
		{19B7C3C9-050C-43FC-BADF-FD42C70D8DBD}.Release|Mixed Platforms.ActiveCfg = Release|x86
		{19B7C3C9-050C-43FC-BADF-FD42C70D8DBD}.Release|Mixed Platforms.Build.0 = Release|x86
		{19B7C3C9-050C-43FC-BADF-FD42C70D8DBD}.Release|x86.ActiveCfg = Release|x86
		{19B7C3C9-050C-43FC-BADF-FD42C70D8DBD}.Release|x86.Build.0 = Release|x86
		{6E9168B9-1FDC-41A2-A81C-67B4A78CEB61}.Debug|Any CPU.ActiveCfg = Debug|Any CPU
		{6E9168B9-1FDC-41A2-A81C-67B4A78CEB61}.Debug|Any CPU.Build.0 = Debug|Any CPU
		{6E9168B9-1FDC-41A2-A81C-67B4A78CEB61}.Debug|Mixed Platforms.ActiveCfg = Debug|Any CPU
		{6E9168B9-1FDC-41A2-A81C-67B4A78CEB61}.Debug|Mixed Platforms.Build.0 = Debug|Any CPU
		{6E9168B9-1FDC-41A2-A81C-67B4A78CEB61}.Debug|x86.ActiveCfg = Debug|Any CPU
		{6E9168B9-1FDC-41A2-A81C-67B4A78CEB61}.Release|Any CPU.ActiveCfg = Release|Any CPU
		{6E9168B9-1FDC-41A2-A81C-67B4A78CEB61}.Release|Any CPU.Build.0 = Release|Any CPU
		{6E9168B9-1FDC-41A2-A81C-67B4A78CEB61}.Release|Mixed Platforms.ActiveCfg = Release|Any CPU
		{6E9168B9-1FDC-41A2-A81C-67B4A78CEB61}.Release|Mixed Platforms.Build.0 = Release|Any CPU
		{6E9168B9-1FDC-41A2-A81C-67B4A78CEB61}.Release|x86.ActiveCfg = Release|Any CPU
	EndGlobalSection
	GlobalSection(SolutionProperties) = preSolution
		HideSolutionNode = FALSE
	EndGlobalSection
EndGlobal
